{
    "requires": true,
    "lockfileVersion": 1,
    "dependencies": {
        "@ckeditor/ckeditor5-adapter-ckfinder": {
            "version": "11.0.5",
            "resolved": "https://registry.npmjs.org/@ckeditor/ckeditor5-adapter-ckfinder/-/ckeditor5-adapter-ckfinder-11.0.5.tgz",
            "integrity": "sha512-s+6vXWhPCxGT0YprcY8FHEFuUoJCqdX7MYYSRBO3eO+o2i1N3jxmCIbk+8u8eHRL4r3ZrHCImTy4tkKEmv+6bQ==",
            "requires": {
                "@ckeditor/ckeditor5-core": "^12.3.0",
                "@ckeditor/ckeditor5-upload": "^12.0.0"
            }
        },
        "@ckeditor/ckeditor5-alignment": {
            "version": "11.2.0",
            "resolved": "https://registry.npmjs.org/@ckeditor/ckeditor5-alignment/-/ckeditor5-alignment-11.2.0.tgz",
            "integrity": "sha512-3hV4R7p1Qs/RRBJvNHOPcwUhqgDc5xeHt3FlM/hwce6oEtlgFtRzl5yqr7k4J66yMpb+E8t6iyAM9oo2UHAqWQ==",
            "requires": {
                "@ckeditor/ckeditor5-core": "^12.3.0",
                "@ckeditor/ckeditor5-ui": "^14.0.0"
            }
        },
        "@ckeditor/ckeditor5-autoformat": {
            "version": "11.0.5",
            "resolved": "https://registry.npmjs.org/@ckeditor/ckeditor5-autoformat/-/ckeditor5-autoformat-11.0.5.tgz",
            "integrity": "sha512-Yag6UHGqAxaWhqZNS1OLUmT/83xstRhDSyXUC/M8aNypQ5e8PFAFx6BB9IdRKZWs4knTboyMy2DRggSr+liOVg==",
            "requires": {
                "@ckeditor/ckeditor5-core": "^12.3.0"
            }
        },
        "@ckeditor/ckeditor5-basic-styles": {
            "version": "11.1.4",
            "resolved": "https://registry.npmjs.org/@ckeditor/ckeditor5-basic-styles/-/ckeditor5-basic-styles-11.1.4.tgz",
            "integrity": "sha512-ww+I0LPlPrd0xAJz/GV1TFUT/za85G9nbQ8mgqz2CikCDyFnMd4ZyLiqg/v12PrMQ/bU7Gnei2P6xpUVpq3x8Q==",
            "requires": {
                "@ckeditor/ckeditor5-core": "^12.3.0",
                "@ckeditor/ckeditor5-ui": "^14.0.0"
            }
        },
        "@ckeditor/ckeditor5-block-quote": {
            "version": "11.1.3",
            "resolved": "https://registry.npmjs.org/@ckeditor/ckeditor5-block-quote/-/ckeditor5-block-quote-11.1.3.tgz",
            "integrity": "sha512-OI+UY2Bw2UstlagWG0mUuN2PI0KvHxCIAhyV6o6SMzAC4KsLPvn+gwshkZ7MbFMxasy3F22OfvBcsIbk2GTjsw==",
            "requires": {
                "@ckeditor/ckeditor5-core": "^12.3.0",
                "@ckeditor/ckeditor5-ui": "^14.0.0",
                "@ckeditor/ckeditor5-utils": "^14.0.0"
            }
        },
        "@ckeditor/ckeditor5-clipboard": {
            "version": "12.0.2",
            "resolved": "https://registry.npmjs.org/@ckeditor/ckeditor5-clipboard/-/ckeditor5-clipboard-12.0.2.tgz",
            "integrity": "sha512-dSxC87lZ1sK1jNawf5uVYxpaqsrkeFqBQKQVPB1vCu9fAU789ebqBAlQK+fJWfuKyxM9zqaA2rsCwqmUBH6Dzg==",
            "requires": {
                "@ckeditor/ckeditor5-core": "^12.3.0",
                "@ckeditor/ckeditor5-engine": "^14.0.0",
                "@ckeditor/ckeditor5-utils": "^14.0.0"
            }
        },
        "@ckeditor/ckeditor5-core": {
            "version": "12.3.0",
            "resolved": "https://registry.npmjs.org/@ckeditor/ckeditor5-core/-/ckeditor5-core-12.3.0.tgz",
            "integrity": "sha512-uUK+snI1G9b/kHOqULpEM+b3PCppQOOGkBg+eP/xggn3WPn33u2eh44RPpArsjx80dg5GWx+uj6E7OFdPylHLA==",
            "requires": {
                "@ckeditor/ckeditor5-engine": "^14.0.0",
                "@ckeditor/ckeditor5-utils": "^14.0.0",
                "lodash-es": "^4.17.10"
            }
        },
        "@ckeditor/ckeditor5-editor-classic": {
            "version": "12.1.4",
            "resolved": "https://registry.npmjs.org/@ckeditor/ckeditor5-editor-classic/-/ckeditor5-editor-classic-12.1.4.tgz",
            "integrity": "sha512-JovLzJHjAAJOyRVlQX7uqM2GCQhtnw82ekBwLHkE6O0PT6qXH7Psj9OmWlyKY1lOAVYl6JMevvqoVjPs1qcmsQ==",
            "requires": {
                "@ckeditor/ckeditor5-core": "^12.3.0",
                "@ckeditor/ckeditor5-engine": "^14.0.0",
                "@ckeditor/ckeditor5-ui": "^14.0.0",
                "@ckeditor/ckeditor5-utils": "^14.0.0",
                "lodash-es": "^4.17.10"
            }
        },
        "@ckeditor/ckeditor5-engine": {
            "version": "14.0.0",
            "resolved": "https://registry.npmjs.org/@ckeditor/ckeditor5-engine/-/ckeditor5-engine-14.0.0.tgz",
            "integrity": "sha512-Y9EWmWwJ6anckAdSDhAFkMryz494y2LsBlF9o/wY3ChwfpEODpaaADBh22yFqQp6PXrFvk4LmAOJeOyTeA13FA==",
            "requires": {
                "@ckeditor/ckeditor5-utils": "^14.0.0",
                "lodash-es": "^4.17.10"
            }
        },
        "@ckeditor/ckeditor5-enter": {
            "version": "11.1.0",
            "resolved": "https://registry.npmjs.org/@ckeditor/ckeditor5-enter/-/ckeditor5-enter-11.1.0.tgz",
            "integrity": "sha512-VbNriGoBDjZ/+FU9X8tmgPYTxUQTaZ6zQ17W4oF6ZhPOvWVwPSaoDpxrD+7AilNLLcrfAWJTiMqJSoJz4pN4cA==",
            "requires": {
                "@ckeditor/ckeditor5-core": "^12.3.0",
                "@ckeditor/ckeditor5-engine": "^14.0.0",
                "@ckeditor/ckeditor5-utils": "^14.0.0"
            }
        },
        "@ckeditor/ckeditor5-essentials": {
            "version": "11.0.5",
            "resolved": "https://registry.npmjs.org/@ckeditor/ckeditor5-essentials/-/ckeditor5-essentials-11.0.5.tgz",
            "integrity": "sha512-1BaZKzZD5J6MelZWX/QUd6L6QCbTK2up+aFKExuULExu7DOKuHK8HJGjyWGl97Z0hci3RFTJ8SWnXa4SQjQBKg==",
            "requires": {
                "@ckeditor/ckeditor5-clipboard": "^12.0.2",
                "@ckeditor/ckeditor5-core": "^12.3.0",
                "@ckeditor/ckeditor5-enter": "^11.1.0",
                "@ckeditor/ckeditor5-typing": "^12.2.0",
                "@ckeditor/ckeditor5-undo": "^11.0.5"
            }
        },
        "@ckeditor/ckeditor5-heading": {
            "version": "11.0.5",
            "resolved": "https://registry.npmjs.org/@ckeditor/ckeditor5-heading/-/ckeditor5-heading-11.0.5.tgz",
            "integrity": "sha512-8Z7KI13YtqN0GsIrA/X0AgpGsxe0KaDM5i3uXA6bspHMEtavZOoj9O2W1DkV8oH/umAUIlgoQNthb3lS77ljuQ==",
            "requires": {
                "@ckeditor/ckeditor5-core": "^12.3.0",
                "@ckeditor/ckeditor5-paragraph": "^11.0.5",
                "@ckeditor/ckeditor5-ui": "^14.0.0",
                "@ckeditor/ckeditor5-utils": "^14.0.0"
            }
        },
        "@ckeditor/ckeditor5-image": {
            "version": "13.1.2",
            "resolved": "https://registry.npmjs.org/@ckeditor/ckeditor5-image/-/ckeditor5-image-13.1.2.tgz",
            "integrity": "sha512-A0+UnXLPxJdpd02+vzNfyZc12hijf27hpdksHKE0QN9qGBN1xZOe4tebHe6FXX879Ibp2djD4sngon/dOG4IsA==",
            "requires": {
                "@ckeditor/ckeditor5-core": "^12.2.1",
                "@ckeditor/ckeditor5-engine": "^13.2.1",
                "@ckeditor/ckeditor5-ui": "^13.0.2",
                "@ckeditor/ckeditor5-upload": "^11.1.1",
                "@ckeditor/ckeditor5-utils": "^13.0.1",
                "@ckeditor/ckeditor5-widget": "^11.0.4"
            },
            "dependencies": {
                "@ckeditor/ckeditor5-engine": {
                    "version": "13.2.1",
                    "resolved": "https://registry.npmjs.org/@ckeditor/ckeditor5-engine/-/ckeditor5-engine-13.2.1.tgz",
                    "integrity": "sha512-yGERQGIYZwJtShi+CYuAWV5P1bvLDlMTMjHf+qPKCwXAw9RiWmjuS5MVpeaZRtmAMEGXyol+mf8IvYvXczfo8A==",
                    "requires": {
                        "@ckeditor/ckeditor5-utils": "^13.0.1",
                        "lodash-es": "^4.17.10"
                    }
                },
                "@ckeditor/ckeditor5-ui": {
                    "version": "13.0.2",
                    "resolved": "https://registry.npmjs.org/@ckeditor/ckeditor5-ui/-/ckeditor5-ui-13.0.2.tgz",
                    "integrity": "sha512-A2Ut+W3rHWNUNR1TwjdBQShl7v270hRlcz3Z77ka/0xlhkQ7TIAVlVHu8q89170fFE4Po8cSqGDZVO9YT3W75A==",
                    "requires": {
                        "@ckeditor/ckeditor5-core": "^12.2.1",
                        "@ckeditor/ckeditor5-utils": "^13.0.1",
                        "lodash-es": "^4.17.10"
                    }
                },
                "@ckeditor/ckeditor5-upload": {
                    "version": "11.1.1",
                    "resolved": "https://registry.npmjs.org/@ckeditor/ckeditor5-upload/-/ckeditor5-upload-11.1.1.tgz",
                    "integrity": "sha512-uB8DYTw2BJrNPjSWh6u6udlprVeN2BeQbbZiSiIstJSS3q4vr90FPnhZ5lvtwxvo9lMXLMgGZUwz1Nkulj5oSg==",
                    "requires": {
                        "@ckeditor/ckeditor5-core": "^12.2.1",
                        "@ckeditor/ckeditor5-ui": "^13.0.2",
                        "@ckeditor/ckeditor5-utils": "^13.0.1"
                    }
                },
                "@ckeditor/ckeditor5-utils": {
                    "version": "13.0.1",
                    "resolved": "https://registry.npmjs.org/@ckeditor/ckeditor5-utils/-/ckeditor5-utils-13.0.1.tgz",
                    "integrity": "sha512-u/18fD/lPeoir3R6+chBlm2ZCdvbqXqbx4yelOc4J+wzQUj53n0ZuADZrxXH0lXY/jsU5Lat0wisgmjwOkmGBw==",
                    "requires": {
                        "ckeditor5": "^12.3.1",
                        "lodash-es": "^4.17.10"
                    }
                }
            }
        },
        "@ckeditor/ckeditor5-indent": {
            "version": "10.1.0",
            "resolved": "https://registry.npmjs.org/@ckeditor/ckeditor5-indent/-/ckeditor5-indent-10.1.0.tgz",
            "integrity": "sha512-5BqpugJ5I6LcwSCvR7wHwUnyJ9oY3Rg1/JA9msEu2m0SrnRtm5xDHkrDTfqPdBpItsrKWC08isFu/3f4YhmMCg==",
            "requires": {
                "@ckeditor/ckeditor5-core": "^12.3.0",
                "@ckeditor/ckeditor5-utils": "^14.0.0"
            }
        },
        "@ckeditor/ckeditor5-link": {
            "version": "11.1.2",
            "resolved": "https://registry.npmjs.org/@ckeditor/ckeditor5-link/-/ckeditor5-link-11.1.2.tgz",
            "integrity": "sha512-0XPGEhg8wgHlIyxUZqk8mgFYpMwZ1JrzhccWPddR1QDz0hWMb3GGQ1tSD0k6PlGdFeMWsjmvuhm9MwHBDn54qg==",
            "requires": {
                "@ckeditor/ckeditor5-core": "^12.3.0",
                "@ckeditor/ckeditor5-engine": "^14.0.0",
                "@ckeditor/ckeditor5-ui": "^14.0.0",
                "lodash-es": "^4.17.10"
            }
        },
        "@ckeditor/ckeditor5-list": {
            "version": "12.1.0",
            "resolved": "https://registry.npmjs.org/@ckeditor/ckeditor5-list/-/ckeditor5-list-12.1.0.tgz",
            "integrity": "sha512-3BtIbMERYEpd/Sf6QkBW3bp7NZ0Yvt8nNjsVyuO/eVuxEOzYDlghelBhe3gir77uPEOZbxmIsG4uNEg9q9RZqA==",
            "requires": {
                "@ckeditor/ckeditor5-core": "^12.3.0",
                "@ckeditor/ckeditor5-engine": "^14.0.0",
                "@ckeditor/ckeditor5-paragraph": "^11.0.5",
                "@ckeditor/ckeditor5-ui": "^14.0.0",
                "@ckeditor/ckeditor5-utils": "^14.0.0"
            }
        },
        "@ckeditor/ckeditor5-media-embed": {
            "version": "11.1.4",
            "resolved": "https://registry.npmjs.org/@ckeditor/ckeditor5-media-embed/-/ckeditor5-media-embed-11.1.4.tgz",
            "integrity": "sha512-5PFx3NFz8/YT1rH+/E/bwQGvRQx+oLn2UFGNba6au86stuRAczusLWOQCtbok/Q0g9XSQ7yqGUR7gXZtuzk9pg==",
            "requires": {
                "@ckeditor/ckeditor5-clipboard": "^12.0.2",
                "@ckeditor/ckeditor5-core": "^12.3.0",
                "@ckeditor/ckeditor5-engine": "^14.0.0",
                "@ckeditor/ckeditor5-image": "^14.0.0",
                "@ckeditor/ckeditor5-ui": "^14.0.0",
                "@ckeditor/ckeditor5-undo": "^11.0.5",
                "@ckeditor/ckeditor5-utils": "^14.0.0",
                "@ckeditor/ckeditor5-widget": "^11.1.0"
            },
            "dependencies": {
                "@ckeditor/ckeditor5-image": {
                    "version": "14.0.0",
                    "resolved": "https://registry.npmjs.org/@ckeditor/ckeditor5-image/-/ckeditor5-image-14.0.0.tgz",
                    "integrity": "sha512-us+z7xnCzW22rc+fg57nTVCpuOhKj0xks09riczuMFxt0kWZOZbReX+WeCvrur8U1/Jmaw9gFPt89OOwPk+I+g==",
                    "requires": {
                        "@ckeditor/ckeditor5-core": "^12.3.0",
                        "@ckeditor/ckeditor5-engine": "^14.0.0",
                        "@ckeditor/ckeditor5-ui": "^14.0.0",
                        "@ckeditor/ckeditor5-upload": "^12.0.0",
                        "@ckeditor/ckeditor5-utils": "^14.0.0",
                        "@ckeditor/ckeditor5-widget": "^11.1.0"
                    }
                }
            }
        },
        "@ckeditor/ckeditor5-paragraph": {
            "version": "11.0.5",
            "resolved": "https://registry.npmjs.org/@ckeditor/ckeditor5-paragraph/-/ckeditor5-paragraph-11.0.5.tgz",
            "integrity": "sha512-/E4RhtVXNC7IPHkQyNdPyl362mivzLbYMHMKhhDXnPFjHwBZMYbiVpzH+K5Fpajkzl1SYb2PPO5uh7JF5BlhbA==",
            "requires": {
                "@ckeditor/ckeditor5-core": "^12.3.0",
                "@ckeditor/ckeditor5-ui": "^14.0.0",
                "@ckeditor/ckeditor5-utils": "^14.0.0"
            }
        },
        "@ckeditor/ckeditor5-paste-from-office": {
            "version": "11.1.0",
            "resolved": "https://registry.npmjs.org/@ckeditor/ckeditor5-paste-from-office/-/ckeditor5-paste-from-office-11.1.0.tgz",
            "integrity": "sha512-LcXmJSlr0fzi+hccdyTnHuKh/K9nWV5OiuWqcOpX3IucczSYzGgykG4MUZVlBLv1mkP0AsjJ1oSPGXCkVkgJkg==",
            "requires": {
                "@ckeditor/ckeditor5-clipboard": "^12.0.2",
                "@ckeditor/ckeditor5-core": "^12.3.0",
                "@ckeditor/ckeditor5-engine": "^14.0.0"
            }
        },
        "@ckeditor/ckeditor5-table": {
            "version": "13.0.2",
            "resolved": "https://registry.npmjs.org/@ckeditor/ckeditor5-table/-/ckeditor5-table-13.0.2.tgz",
            "integrity": "sha512-T3DAY7E224E04qrxlwYKbhiwGYcTEa6Ev50Xh9fyf/ZsCAfjVt9cwhUvE9Be6hxB/vnkvw6f8/xPWCl/sdVSNA==",
            "requires": {
                "@ckeditor/ckeditor5-core": "^12.2.1",
                "@ckeditor/ckeditor5-ui": "^13.0.2",
                "@ckeditor/ckeditor5-widget": "^11.0.4"
            },
            "dependencies": {
                "@ckeditor/ckeditor5-ui": {
                    "version": "13.0.2",
                    "resolved": "https://registry.npmjs.org/@ckeditor/ckeditor5-ui/-/ckeditor5-ui-13.0.2.tgz",
                    "integrity": "sha512-A2Ut+W3rHWNUNR1TwjdBQShl7v270hRlcz3Z77ka/0xlhkQ7TIAVlVHu8q89170fFE4Po8cSqGDZVO9YT3W75A==",
                    "requires": {
                        "@ckeditor/ckeditor5-core": "^12.2.1",
                        "@ckeditor/ckeditor5-utils": "^13.0.1",
                        "lodash-es": "^4.17.10"
                    }
                },
                "@ckeditor/ckeditor5-utils": {
                    "version": "13.0.1",
                    "resolved": "https://registry.npmjs.org/@ckeditor/ckeditor5-utils/-/ckeditor5-utils-13.0.1.tgz",
                    "integrity": "sha512-u/18fD/lPeoir3R6+chBlm2ZCdvbqXqbx4yelOc4J+wzQUj53n0ZuADZrxXH0lXY/jsU5Lat0wisgmjwOkmGBw==",
                    "requires": {
                        "ckeditor5": "^12.3.1",
                        "lodash-es": "^4.17.10"
                    }
                }
            }
        },
        "@ckeditor/ckeditor5-theme-lark": {
            "version": "14.2.0",
            "resolved": "https://registry.npmjs.org/@ckeditor/ckeditor5-theme-lark/-/ckeditor5-theme-lark-14.2.0.tgz",
            "integrity": "sha512-ImjYzW99Xxl73K/Acw0m6gvBJBNswjTdJsRRsEFKX0u1Qc0qeSMGSRBjsMaWm1PBvvubUAPthQbTL7ZwTkj/6w==",
            "requires": {
                "@ckeditor/ckeditor5-ui": "^14.0.0"
            }
        },
        "@ckeditor/ckeditor5-typing": {
            "version": "12.2.0",
            "resolved": "https://registry.npmjs.org/@ckeditor/ckeditor5-typing/-/ckeditor5-typing-12.2.0.tgz",
            "integrity": "sha512-XCQbYYwgTJw2G+6/SPh2/p2rDeSL/7HbXi8Q9yvfZkoH4OhljwlwIoztDrVSIPYeMkPn2C2hCDxxfAPLbs7J5Q==",
            "requires": {
                "@ckeditor/ckeditor5-core": "^12.3.0",
                "@ckeditor/ckeditor5-engine": "^14.0.0",
                "@ckeditor/ckeditor5-utils": "^14.0.0",
                "lodash-es": "^4.17.10"
            }
        },
        "@ckeditor/ckeditor5-ui": {
            "version": "14.0.0",
            "resolved": "https://registry.npmjs.org/@ckeditor/ckeditor5-ui/-/ckeditor5-ui-14.0.0.tgz",
            "integrity": "sha512-zV4o4K5zUMcDr2q3Mmohisb2VTNFFsJ4BvhUt6jCNgM0kD6M4BwalmG7XdaXWMqOh15iqLC4f0p93/6DloyD+Q==",
            "requires": {
                "@ckeditor/ckeditor5-core": "^12.3.0",
                "@ckeditor/ckeditor5-utils": "^14.0.0",
                "lodash-es": "^4.17.10"
            }
        },
        "@ckeditor/ckeditor5-undo": {
            "version": "11.0.5",
            "resolved": "https://registry.npmjs.org/@ckeditor/ckeditor5-undo/-/ckeditor5-undo-11.0.5.tgz",
            "integrity": "sha512-U1YP673ICdLyfMQTuIuhr6ZJUQK53cGQSSTFUuzvwDsKOqevPWg1KLQ6Px9KBNNHOFwxFwZZWZw26PBFrkN74g==",
            "requires": {
                "@ckeditor/ckeditor5-core": "^12.3.0",
                "@ckeditor/ckeditor5-engine": "^14.0.0",
                "@ckeditor/ckeditor5-ui": "^14.0.0"
            }
        },
        "@ckeditor/ckeditor5-upload": {
            "version": "12.0.0",
            "resolved": "https://registry.npmjs.org/@ckeditor/ckeditor5-upload/-/ckeditor5-upload-12.0.0.tgz",
            "integrity": "sha512-HOJRKom2QEabAA5MyuPTZXVK1gamOVtav+2KH1dDJhk75MFVLIkihc3Yx+0310QpX4KTRtEqj5ZpKAvvvKkElg==",
            "requires": {
                "@ckeditor/ckeditor5-core": "^12.3.0",
                "@ckeditor/ckeditor5-ui": "^14.0.0",
                "@ckeditor/ckeditor5-utils": "^14.0.0"
            }
        },
        "@ckeditor/ckeditor5-utils": {
            "version": "14.0.0",
            "resolved": "https://registry.npmjs.org/@ckeditor/ckeditor5-utils/-/ckeditor5-utils-14.0.0.tgz",
            "integrity": "sha512-JC9sDlRbvmhL+Gqpq4HPZkrnpMFgEwlkVNUd2RKD/heOvzdpMfpLnIFpdXi1ohx/LQHDC9GZce0t6NJM5PbGoA==",
            "requires": {
                "ckeditor5": "^12.4.0",
                "lodash-es": "^4.17.10"
            }
        },
        "@ckeditor/ckeditor5-widget": {
            "version": "11.1.0",
            "resolved": "https://registry.npmjs.org/@ckeditor/ckeditor5-widget/-/ckeditor5-widget-11.1.0.tgz",
            "integrity": "sha512-7RfWOt9o3vTn3MgvWxq9xlKgSPMd03MMyE785cnMSjvMmyXinWhKRjqvScqicSVQnaZvdqliJsu3P3HDF0EN5Q==",
            "requires": {
                "@ckeditor/ckeditor5-core": "^12.3.0",
                "@ckeditor/ckeditor5-engine": "^14.0.0",
                "@ckeditor/ckeditor5-ui": "^14.0.0",
                "@ckeditor/ckeditor5-utils": "^14.0.0",
                "lodash-es": "^4.17.10"
            }
        },
        "ckeditor5": {
            "version": "12.4.0",
            "resolved": "https://registry.npmjs.org/ckeditor5/-/ckeditor5-12.4.0.tgz",
            "integrity": "sha512-gd6PGm3pId5KibAZNvACc5NN657xP0IEyqziRI0tBFnLyXgDjw3e8Uu2zkIEUbxPR2vXG1J7PoqS9ZxJuE9XTQ=="
        },
        "ckeditor5-build-laravel-image": {
            "version": "1.0.1",
            "resolved": "https://registry.npmjs.org/ckeditor5-build-laravel-image/-/ckeditor5-build-laravel-image-1.0.1.tgz",
            "integrity": "sha512-MXiIavoAsxWUAg+WbtHdhUv5L58se3P63hEKcTLw75fMvPO3hcd87PHW1sMNx2OieL1tD3bQEXS+NDXCnlEFUA==",
            "requires": {
                "@ckeditor/ckeditor5-adapter-ckfinder": "^11.0.4",
                "@ckeditor/ckeditor5-alignment": "^11.1.3",
                "@ckeditor/ckeditor5-autoformat": "^11.0.4",
                "@ckeditor/ckeditor5-basic-styles": "^11.1.3",
                "@ckeditor/ckeditor5-block-quote": "^11.1.2",
                "@ckeditor/ckeditor5-core": "^12.2.1",
                "@ckeditor/ckeditor5-editor-classic": "^12.1.3",
                "@ckeditor/ckeditor5-essentials": "^11.0.4",
                "@ckeditor/ckeditor5-heading": "^11.0.4",
                "@ckeditor/ckeditor5-image": "^13.1.2",
                "@ckeditor/ckeditor5-indent": "^10.0.1",
                "@ckeditor/ckeditor5-link": "^11.1.1",
                "@ckeditor/ckeditor5-list": "^12.0.4",
                "@ckeditor/ckeditor5-media-embed": "^11.1.3",
                "@ckeditor/ckeditor5-paragraph": "^11.0.4",
                "@ckeditor/ckeditor5-paste-from-office": "^11.0.4",
                "@ckeditor/ckeditor5-table": "^13.0.2",
                "@ckeditor/ckeditor5-theme-lark": "^14.1.1",
                "ckeditor5-simple-upload": "^1.0.7"
            }
        },
        "ckeditor5-simple-upload": {
            "version": "1.0.7",
            "resolved": "https://registry.npmjs.org/ckeditor5-simple-upload/-/ckeditor5-simple-upload-1.0.7.tgz",
            "integrity": "sha512-GB2mNmPAN+/T1/dy8yu5M3BYkZHIE4j7ot/YyUB68TgPQtsUzL/z421PxdcKw6/lL1AHBsB9q7usdXUIXvFHCQ==",
            "requires": {
                "@ckeditor/ckeditor5-core": ">=12.2.1",
                "@ckeditor/ckeditor5-upload": ">=11.1.1"
            }
        },
        "lodash-es": {
            "version": "4.17.15",
            "resolved": "https://registry.npmjs.org/lodash-es/-/lodash-es-4.17.15.tgz",
            "integrity": "sha512-rlrc3yU3+JNOpZ9zj5pQtxnx2THmvRykwL4Xlxoa8I9lHBlVbbyPhgyPMioxVZ4NqyxaVVtaJnzsyOidQIhyyQ=="
        }
    }
}
